
Microsoft Visual Studio Solution File, Format Version 12.00
# Visual Studio Version 17
VisualStudioVersion = 17.14.36429.23 d17.14
MinimumVisualStudioVersion = 10.0.40219.1
Project("{FAE04EC0-301F-11D3-BF4B-00C04F79EFBC}") = "CS.1.012", "CS.1.012.csproj", "{515E693C-115C-443F-A845-53DDD5AABF7E}"
EndProject
Global
	GlobalSection(SolutionConfigurationPlatforms) = preSolution
		Debug|Any CPU = Debug|Any CPU
		Release|Any CPU = Release|Any CPU
	EndGlobalSection
	GlobalSection(ProjectConfigurationPlatforms) = postSolution
		{515E693C-115C-443F-A845-53DDD5AABF7E}.Debug|Any CPU.ActiveCfg = Debug|Any CPU
		{515E693C-115C-443F-A845-53DDD5AABF7E}.Debug|Any CPU.Build.0 = Debug|Any CPU
		{515E693C-115C-443F-A845-53DDD5AABF7E}.Release|Any CPU.ActiveCfg = Release|Any CPU
		{515E693C-115C-443F-A845-53DDD5AABF7E}.Release|Any CPU.Build.0 = Release|Any CPU
	EndGlobalSection
	GlobalSection(SolutionProperties) = preSolution
		HideSolutionNode = FALSE
	EndGlobalSection
	GlobalSection(ExtensibilityGlobals) = postSolution
		SolutionGuid = {042AE645-7292-4E39-A78D-DE2015CCC250}
	EndGlobalSection
EndGlobal
