
Microsoft Visual Studio Solution File, Format Version 12.00
# Visual Studio Version 17
VisualStudioVersion = 17.14.36429.23 d17.14
MinimumVisualStudioVersion = 10.0.40219.1
Project("{FAE04EC0-301F-11D3-BF4B-00C04F79EFBC}") = "CS.1.011", "CS.1.011.csproj", "{9CCD4372-A49A-4F5E-BF48-ED4457C5BD1B}"
EndProject
Global
	GlobalSection(SolutionConfigurationPlatforms) = preSolution
		Debug|Any CPU = Debug|Any CPU
		Release|Any CPU = Release|Any CPU
	EndGlobalSection
	GlobalSection(ProjectConfigurationPlatforms) = postSolution
		{9CCD4372-A49A-4F5E-BF48-ED4457C5BD1B}.Debug|Any CPU.ActiveCfg = Debug|Any CPU
		{9CCD4372-A49A-4F5E-BF48-ED4457C5BD1B}.Debug|Any CPU.Build.0 = Debug|Any CPU
		{9CCD4372-A49A-4F5E-BF48-ED4457C5BD1B}.Release|Any CPU.ActiveCfg = Release|Any CPU
		{9CCD4372-A49A-4F5E-BF48-ED4457C5BD1B}.Release|Any CPU.Build.0 = Release|Any CPU
	EndGlobalSection
	GlobalSection(SolutionProperties) = preSolution
		HideSolutionNode = FALSE
	EndGlobalSection
	GlobalSection(ExtensibilityGlobals) = postSolution
		SolutionGuid = {CBAC7867-2373-414E-AEC4-4979509232E6}
	EndGlobalSection
EndGlobal
