
Microsoft Visual Studio Solution File, Format Version 12.00
# Visual Studio Version 17
VisualStudioVersion = 17.14.36429.23 d17.14
MinimumVisualStudioVersion = 10.0.40219.1
Project("{FAE04EC0-301F-11D3-BF4B-00C04F79EFBC}") = "CS.2.002", "CS.2.002.csproj", "{586ECD20-6F3F-4006-8406-D239439B0B3E}"
EndProject
Global
	GlobalSection(SolutionConfigurationPlatforms) = preSolution
		Debug|Any CPU = Debug|Any CPU
		Release|Any CPU = Release|Any CPU
	EndGlobalSection
	GlobalSection(ProjectConfigurationPlatforms) = postSolution
		{586ECD20-6F3F-4006-8406-D239439B0B3E}.Debug|Any CPU.ActiveCfg = Debug|Any CPU
		{586ECD20-6F3F-4006-8406-D239439B0B3E}.Debug|Any CPU.Build.0 = Debug|Any CPU
		{586ECD20-6F3F-4006-8406-D239439B0B3E}.Release|Any CPU.ActiveCfg = Release|Any CPU
		{586ECD20-6F3F-4006-8406-D239439B0B3E}.Release|Any CPU.Build.0 = Release|Any CPU
	EndGlobalSection
	GlobalSection(SolutionProperties) = preSolution
		HideSolutionNode = FALSE
	EndGlobalSection
	GlobalSection(ExtensibilityGlobals) = postSolution
		SolutionGuid = {88F1782D-F5C1-4CC3-BC2B-7D58A8F9470E}
	EndGlobalSection
EndGlobal
