
Microsoft Visual Studio Solution File, Format Version 12.00
# Visual Studio Version 17
VisualStudioVersion = 17.14.36429.23 d17.14
MinimumVisualStudioVersion = 10.0.40219.1
Project("{FAE04EC0-301F-11D3-BF4B-00C04F79EFBC}") = "CS.2.014", "CS.2.014.csproj", "{695BB02B-893D-4B91-9C4C-B1D8EFA977A5}"
EndProject
Global
	GlobalSection(SolutionConfigurationPlatforms) = preSolution
		Debug|Any CPU = Debug|Any CPU
		Release|Any CPU = Release|Any CPU
	EndGlobalSection
	GlobalSection(ProjectConfigurationPlatforms) = postSolution
		{695BB02B-893D-4B91-9C4C-B1D8EFA977A5}.Debug|Any CPU.ActiveCfg = Debug|Any CPU
		{695BB02B-893D-4B91-9C4C-B1D8EFA977A5}.Debug|Any CPU.Build.0 = Debug|Any CPU
		{695BB02B-893D-4B91-9C4C-B1D8EFA977A5}.Release|Any CPU.ActiveCfg = Release|Any CPU
		{695BB02B-893D-4B91-9C4C-B1D8EFA977A5}.Release|Any CPU.Build.0 = Release|Any CPU
	EndGlobalSection
	GlobalSection(SolutionProperties) = preSolution
		HideSolutionNode = FALSE
	EndGlobalSection
	GlobalSection(ExtensibilityGlobals) = postSolution
		SolutionGuid = {CA064659-0E01-47FB-B33D-04EFCB57644A}
	EndGlobalSection
EndGlobal
