
Microsoft Visual Studio Solution File, Format Version 12.00
# Visual Studio Version 17
VisualStudioVersion = 17.14.36429.23 d17.14
MinimumVisualStudioVersion = 10.0.40219.1
Project("{FAE04EC0-301F-11D3-BF4B-00C04F79EFBC}") = "CS.1.001", "CS.1.001.csproj", "{A51D13F1-1BB5-4114-B69E-9A64B3C81CF8}"
EndProject
Global
	GlobalSection(SolutionConfigurationPlatforms) = preSolution
		Debug|Any CPU = Debug|Any CPU
		Release|Any CPU = Release|Any CPU
	EndGlobalSection
	GlobalSection(ProjectConfigurationPlatforms) = postSolution
		{A51D13F1-1BB5-4114-B69E-9A64B3C81CF8}.Debug|Any CPU.ActiveCfg = Debug|Any CPU
		{A51D13F1-1BB5-4114-B69E-9A64B3C81CF8}.Debug|Any CPU.Build.0 = Debug|Any CPU
		{A51D13F1-1BB5-4114-B69E-9A64B3C81CF8}.Release|Any CPU.ActiveCfg = Release|Any CPU
		{A51D13F1-1BB5-4114-B69E-9A64B3C81CF8}.Release|Any CPU.Build.0 = Release|Any CPU
	EndGlobalSection
	GlobalSection(SolutionProperties) = preSolution
		HideSolutionNode = FALSE
	EndGlobalSection
	GlobalSection(ExtensibilityGlobals) = postSolution
		SolutionGuid = {147EBE17-4B08-4D3F-8953-EDC5F418AA8A}
	EndGlobalSection
EndGlobal
