
Microsoft Visual Studio Solution File, Format Version 12.00
# Visual Studio Version 17
VisualStudioVersion = 17.14.36429.23 d17.14
MinimumVisualStudioVersion = 10.0.40219.1
Project("{FAE04EC0-301F-11D3-BF4B-00C04F79EFBC}") = "Online Product Inventory Management System", "Online Product Inventory Management System.csproj", "{32E42451-AF5F-480C-8D28-70BFB8FBF138}"
EndProject
Global
	GlobalSection(SolutionConfigurationPlatforms) = preSolution
		Debug|Any CPU = Debug|Any CPU
		Release|Any CPU = Release|Any CPU
	EndGlobalSection
	GlobalSection(ProjectConfigurationPlatforms) = postSolution
		{32E42451-AF5F-480C-8D28-70BFB8FBF138}.Debug|Any CPU.ActiveCfg = Debug|Any CPU
		{32E42451-AF5F-480C-8D28-70BFB8FBF138}.Debug|Any CPU.Build.0 = Debug|Any CPU
		{32E42451-AF5F-480C-8D28-70BFB8FBF138}.Release|Any CPU.ActiveCfg = Release|Any CPU
		{32E42451-AF5F-480C-8D28-70BFB8FBF138}.Release|Any CPU.Build.0 = Release|Any CPU
	EndGlobalSection
	GlobalSection(SolutionProperties) = preSolution
		HideSolutionNode = FALSE
	EndGlobalSection
	GlobalSection(ExtensibilityGlobals) = postSolution
		SolutionGuid = {ECEA6E15-1F2F-400F-852F-F5180B9B2A01}
	EndGlobalSection
EndGlobal
